hash: 7eed1becd1f0ee9f07a7767e7d15fcdf1163f16e81b876314779eb0e701ecef5
updated: 2018-08-09T12:14:15.825825256+10:00
imports:
- name: github.com/cenkalti/backoff
  version: b7325b0f3f1097c6546ea5e83c4a23267e58ad71
- name: github.com/davecgh/go-spew
  version: 8991bc29aa16c548c550c7ff78260e27b9ab7c73
  subpackages:
  - spew
- name: github.com/grandcat/zeroconf
  version: df75bb3ccae13e625e5b60e68d9c9590056dded1
- name: github.com/jmalloc/twelf
  version: 9f134de095cba6edc97910f8b38b313e354e6905
  subpackages:
  - src/twelf
- name: github.com/miekg/dns
  version: 5a2b9fab83ff0f8bfc99684bd5f43a37abe560f1
- name: github.com/onsi/ginkgo
  version: 3774a09d95489ccaa16032e0770d08ea77ba6184
  subpackages:
  - config
  - internal/codelocation
  - internal/containernode
  - internal/failer
  - internal/leafnodes
  - internal/remote
  - internal/spec
  - internal/spec_iterator
  - internal/specrunner
  - internal/suite
  - internal/testingtproxy
  - internal/writer
  - reporters
  - reporters/stenographer
  - reporters/stenographer/support/go-colorable
  - reporters/stenographer/support/go-isatty
  - types
- name: github.com/onsi/gomega
  version: b6ea1ea48f981d0f615a154a45eabb9dd466556d
  subpackages:
  - format
  - internal/assertion
  - internal/asyncassertion
  - internal/oraclematcher
  - internal/testingtsupport
  - matchers
  - matchers/support/goraph/bipartitegraph
  - matchers/support/goraph/edge
  - matchers/support/goraph/node
  - matchers/support/goraph/util
  - types
- name: golang.org/x/crypto
  version: f027049dab0ad238e394a753dba2d14753473a04
  subpackages:
  - ed25519
  - ed25519/internal/edwards25519
- name: golang.org/x/net
  version: db08ff08e8622530d9ed3a0e8ac279f6d4c02196
  subpackages:
  - bpf
  - context
  - html
  - html/atom
  - html/charset
  - internal/iana
  - internal/socket
  - ipv4
  - ipv6
- name: golang.org/x/sync
  version: 1d60e4601c6fd243af51cc01ddf169918a5407ca
  subpackages:
  - errgroup
testImports:
- name: github.com/hpcloud/tail
  version: a1dbeea552b7c8df4b542c66073e393de198a800
  subpackages:
  - ratelimiter
  - util
  - watch
  - winfile
- name: golang.org/x/sys
  version: ad87a3a340fa7f3bed189293fbfa7a9b7e021ae1
  subpackages:
  - unix
- name: golang.org/x/text
  version: 5cec4b58c438bd98288aeb248bab2c1840713d21
  subpackages:
  - encoding
  - encoding/charmap
  - encoding/htmlindex
  - encoding/internal
  - encoding/internal/identifier
  - encoding/japanese
  - encoding/korean
  - encoding/simplifiedchinese
  - encoding/traditionalchinese
  - encoding/unicode
  - internal/language
  - internal/language/compact
  - internal/tag
  - internal/utf8internal
  - language
  - runes
  - transform
- name: gopkg.in/fsnotify/fsnotify.v1
  version: c2828203cd70a50dcccfb2761f8b1f8ceef9a8e9
- name: gopkg.in/tomb.v1
  version: c131134a1947e9afd9cecfe11f4c6dff0732ae58
- name: gopkg.in/yaml.v2
  version: 5420a8b6744d3b0345ab293f6fcba19c978f1183
